
Microsoft Visual Studio Solution File, Format Version 12.00
# Visual Studio Version 16
VisualStudioVersion = 16.0.31005.135
MinimumVisualStudioVersion = 10.0.40219.1
Project("{9A19103F-16F7-4668-BE54-9A1E7A4F7556}") = "HanoiTowers", "HanoiTowers\HanoiTowers.csproj", "{309F31F1-F04C-45CC-83E1-E36AC2522259}"
EndProject
Project("{9A19103F-16F7-4668-BE54-9A1E7A4F7556}") = "week3_arrays", "week3\week3_arrays.csproj", "{5B702E90-7249-499C-82A7-43A0846A3656}"
EndProject
Project("{9A19103F-16F7-4668-BE54-9A1E7A4F7556}") = "Personnel_Information", "Personnel_Information\Personnel_Information.csproj", "{73946968-E3E7-442F-B9AC-8D9ED1621C51}"
EndProject
Project("{9A19103F-16F7-4668-BE54-9A1E7A4F7556}") = "deneme", "deneme\deneme.csproj", "{4A2C69EC-9B59-481E-A005-31C0FBCDCAB2}"
EndProject
Project("{FAE04EC0-301F-11D3-BF4B-00C04F79EFBC}") = "CourseManagement", "CourseManagement\CourseManagement.csproj", "{F4206A5C-8351-4973-BE8F-D180A4823719}"
EndProject
Global
	GlobalSection(SolutionConfigurationPlatforms) = preSolution
		Debug|Any CPU = Debug|Any CPU
		Release|Any CPU = Release|Any CPU
	EndGlobalSection
	GlobalSection(ProjectConfigurationPlatforms) = postSolution
		{309F31F1-F04C-45CC-83E1-E36AC2522259}.Debug|Any CPU.ActiveCfg = Debug|Any CPU
		{309F31F1-F04C-45CC-83E1-E36AC2522259}.Debug|Any CPU.Build.0 = Debug|Any CPU
		{309F31F1-F04C-45CC-83E1-E36AC2522259}.Release|Any CPU.ActiveCfg = Release|Any CPU
		{309F31F1-F04C-45CC-83E1-E36AC2522259}.Release|Any CPU.Build.0 = Release|Any CPU
		{5B702E90-7249-499C-82A7-43A0846A3656}.Debug|Any CPU.ActiveCfg = Debug|Any CPU
		{5B702E90-7249-499C-82A7-43A0846A3656}.Debug|Any CPU.Build.0 = Debug|Any CPU
		{5B702E90-7249-499C-82A7-43A0846A3656}.Release|Any CPU.ActiveCfg = Release|Any CPU
		{5B702E90-7249-499C-82A7-43A0846A3656}.Release|Any CPU.Build.0 = Release|Any CPU
		{73946968-E3E7-442F-B9AC-8D9ED1621C51}.Debug|Any CPU.ActiveCfg = Debug|Any CPU
		{73946968-E3E7-442F-B9AC-8D9ED1621C51}.Debug|Any CPU.Build.0 = Debug|Any CPU
		{73946968-E3E7-442F-B9AC-8D9ED1621C51}.Release|Any CPU.ActiveCfg = Release|Any CPU
		{73946968-E3E7-442F-B9AC-8D9ED1621C51}.Release|Any CPU.Build.0 = Release|Any CPU
		{4A2C69EC-9B59-481E-A005-31C0FBCDCAB2}.Debug|Any CPU.ActiveCfg = Debug|Any CPU
		{4A2C69EC-9B59-481E-A005-31C0FBCDCAB2}.Debug|Any CPU.Build.0 = Debug|Any CPU
		{4A2C69EC-9B59-481E-A005-31C0FBCDCAB2}.Release|Any CPU.ActiveCfg = Release|Any CPU
		{4A2C69EC-9B59-481E-A005-31C0FBCDCAB2}.Release|Any CPU.Build.0 = Release|Any CPU
		{F4206A5C-8351-4973-BE8F-D180A4823719}.Debug|Any CPU.ActiveCfg = Debug|Any CPU
		{F4206A5C-8351-4973-BE8F-D180A4823719}.Debug|Any CPU.Build.0 = Debug|Any CPU
		{F4206A5C-8351-4973-BE8F-D180A4823719}.Release|Any CPU.ActiveCfg = Release|Any CPU
		{F4206A5C-8351-4973-BE8F-D180A4823719}.Release|Any CPU.Build.0 = Release|Any CPU
	EndGlobalSection
	GlobalSection(SolutionProperties) = preSolution
		HideSolutionNode = FALSE
	EndGlobalSection
	GlobalSection(ExtensibilityGlobals) = postSolution
		SolutionGuid = {9BC4B1BB-4BCF-4A75-9CC7-6486F19027FC}
	EndGlobalSection
EndGlobal
